
Microsoft Visual Studio Solution File, Format Version 12.00
# Visual Studio Version 17
VisualStudioVersion = 17.7.34018.315
MinimumVisualStudioVersion = 10.0.40219.1
Project("{FAE04EC0-301F-11D3-BF4B-00C04F79EFBC}") = "ASP.NET core web api part 01", "ASP.NET core web api part 01\ASP.NET core web api part 01.csproj", "{62058451-26B8-49D7-80C4-05C43E38D09C}"
EndProject
Global
	GlobalSection(SolutionConfigurationPlatforms) = preSolution
		Debug|Any CPU = Debug|Any CPU
		Release|Any CPU = Release|Any CPU
	EndGlobalSection
	GlobalSection(ProjectConfigurationPlatforms) = postSolution
		{62058451-26B8-49D7-80C4-05C43E38D09C}.Debug|Any CPU.ActiveCfg = Debug|Any CPU
		{62058451-26B8-49D7-80C4-05C43E38D09C}.Debug|Any CPU.Build.0 = Debug|Any CPU
		{62058451-26B8-49D7-80C4-05C43E38D09C}.Release|Any CPU.ActiveCfg = Release|Any CPU
		{62058451-26B8-49D7-80C4-05C43E38D09C}.Release|Any CPU.Build.0 = Release|Any CPU
	EndGlobalSection
	GlobalSection(SolutionProperties) = preSolution
		HideSolutionNode = FALSE
	EndGlobalSection
	GlobalSection(ExtensibilityGlobals) = postSolution
		SolutionGuid = {3B9C2A35-ED6C-4A3E-928E-9A5FA14863F1}
	EndGlobalSection
EndGlobal
